{
  "name": "@rbxts/cmdr",
  "version": "1.8.1-ts.0",
  "lockfileVersion": 1,
  "requires": true,
  "dependencies": {
    "@rbxts/types": {
      "version": "1.0.386",
      "resolved": "https://registry.npmjs.org/@rbxts/types/-/types-1.0.386.tgz",
      "integrity": "sha512-VGouUCGAgGj4IjkzXAfh+CaoCQR6L/pHr8kpNiVSLm47pszPLiaMaimnH6m/aeNLWoXAQNyYuYgC/dNGieOAYw==",
      "dev": true
    }
  }
}
