{
  "name": "@rbxts/cmdr",
  "version": "1.9.0-ts.0",
  "lockfileVersion": 2,
  "requires": true,
  "packages": {
    "": {
      "name": "@rbxts/cmdr",
      "version": "1.9.0-ts.0",
      "license": "ISC",
      "devDependencies": {
        "@rbxts/types": "^1.0.386"
      }
    },
    "node_modules/@rbxts/types": {
      "version": "1.0.386",
      "resolved": "https://registry.npmjs.org/@rbxts/types/-/types-1.0.386.tgz",
      "integrity": "sha512-VGouUCGAgGj4IjkzXAfh+CaoCQR6L/pHr8kpNiVSLm47pszPLiaMaimnH6m/aeNLWoXAQNyYuYgC/dNGieOAYw==",
      "dev": true
    }
  },
  "dependencies": {
    "@rbxts/types": {
      "version": "1.0.386",
      "resolved": "https://registry.npmjs.org/@rbxts/types/-/types-1.0.386.tgz",
      "integrity": "sha512-VGouUCGAgGj4IjkzXAfh+CaoCQR6L/pHr8kpNiVSLm47pszPLiaMaimnH6m/aeNLWoXAQNyYuYgC/dNGieOAYw==",
      "dev": true
    }
  }
}
